
Microsoft Visual Studio Solution File, Format Version 12.00
# Visual Studio Version 16
VisualStudioVersion = 16.0.29911.84
MinimumVisualStudioVersion = 10.0.40219.1
Project("{FAE04EC0-301F-11D3-BF4B-00C04F79EFBC}") = "SimpleWebAppJenkin", "SimpleWebAppJenkin\SimpleWebAppJenkin.csproj", "{B275540C-A189-4653-B2A8-C80DE0EDAD34}"
EndProject
Global
	GlobalSection(SolutionConfigurationPlatforms) = preSolution
		Debug|Any CPU = Debug|Any CPU
		Release|Any CPU = Release|Any CPU
	EndGlobalSection
	GlobalSection(ProjectConfigurationPlatforms) = postSolution
		{B275540C-A189-4653-B2A8-C80DE0EDAD34}.Debug|Any CPU.ActiveCfg = Debug|Any CPU
		{B275540C-A189-4653-B2A8-C80DE0EDAD34}.Debug|Any CPU.Build.0 = Debug|Any CPU
		{B275540C-A189-4653-B2A8-C80DE0EDAD34}.Release|Any CPU.ActiveCfg = Release|Any CPU
		{B275540C-A189-4653-B2A8-C80DE0EDAD34}.Release|Any CPU.Build.0 = Release|Any CPU
	EndGlobalSection
	GlobalSection(SolutionProperties) = preSolution
		HideSolutionNode = FALSE
	EndGlobalSection
	GlobalSection(ExtensibilityGlobals) = postSolution
		SolutionGuid = {67622AD1-A547-438D-A14A-EABDB42BE580}
	EndGlobalSection
EndGlobal
